
Microsoft Visual Studio Solution File, Format Version 12.00
# Visual Studio Version 16
VisualStudioVersion = 16.0.29509.3
MinimumVisualStudioVersion = 10.0.40219.1
Project("{9A19103F-16F7-4668-BE54-9A1E7A4F7556}") = "ConsoleApp1", "ConsoleApp1\ConsoleApp1.csproj", "{705D1041-289A-411F-8570-B3772EAB6F7A}"
EndProject
Project("{159641D6-6404-4A2A-AE62-294DE0FE8301}") = "Integration Services Project1", "Integration Services Project1\Integration Services Project1.dtproj", "{5407ADDB-F9A4-4BFB-8CDC-5D82BA996612}"
EndProject
Global
	GlobalSection(SolutionConfigurationPlatforms) = preSolution
		Debug|Any CPU = Debug|Any CPU
		Development|Any CPU = Development|Any CPU
		Release|Any CPU = Release|Any CPU
	EndGlobalSection
	GlobalSection(ProjectConfigurationPlatforms) = postSolution
		{705D1041-289A-411F-8570-B3772EAB6F7A}.Debug|Any CPU.ActiveCfg = Debug|Any CPU
		{705D1041-289A-411F-8570-B3772EAB6F7A}.Debug|Any CPU.Build.0 = Debug|Any CPU
		{705D1041-289A-411F-8570-B3772EAB6F7A}.Development|Any CPU.ActiveCfg = Debug|Any CPU
		{705D1041-289A-411F-8570-B3772EAB6F7A}.Development|Any CPU.Build.0 = Debug|Any CPU
		{705D1041-289A-411F-8570-B3772EAB6F7A}.Release|Any CPU.ActiveCfg = Release|Any CPU
		{705D1041-289A-411F-8570-B3772EAB6F7A}.Release|Any CPU.Build.0 = Release|Any CPU
		{5407ADDB-F9A4-4BFB-8CDC-5D82BA996612}.Debug|Any CPU.ActiveCfg = Development
		{5407ADDB-F9A4-4BFB-8CDC-5D82BA996612}.Debug|Any CPU.Build.0 = Development
		{5407ADDB-F9A4-4BFB-8CDC-5D82BA996612}.Development|Any CPU.ActiveCfg = Development
		{5407ADDB-F9A4-4BFB-8CDC-5D82BA996612}.Development|Any CPU.Build.0 = Development
		{5407ADDB-F9A4-4BFB-8CDC-5D82BA996612}.Release|Any CPU.ActiveCfg = Development
		{5407ADDB-F9A4-4BFB-8CDC-5D82BA996612}.Release|Any CPU.Build.0 = Development
	EndGlobalSection
	GlobalSection(SolutionProperties) = preSolution
		HideSolutionNode = FALSE
	EndGlobalSection
	GlobalSection(ExtensibilityGlobals) = postSolution
		SolutionGuid = {534BBFBA-E8FA-4AA2-B375-5B83DE180EF7}
	EndGlobalSection
EndGlobal
